
Microsoft Visual Studio Solution File, Format Version 12.00
# Visual Studio Version 17
VisualStudioVersion = 17.6.33723.286
MinimumVisualStudioVersion = 10.0.40219.1
Project("{FAE04EC0-301F-11D3-BF4B-00C04F79EFBC}") = "FoodStore", "FoodStore\FoodStore.csproj", "{0B293221-0F05-4D26-A3E0-51E82799FA6A}"
EndProject
Global
	GlobalSection(SolutionConfigurationPlatforms) = preSolution
		Debug|Any CPU = Debug|Any CPU
		Release|Any CPU = Release|Any CPU
	EndGlobalSection
	GlobalSection(ProjectConfigurationPlatforms) = postSolution
		{0B293221-0F05-4D26-A3E0-51E82799FA6A}.Debug|Any CPU.ActiveCfg = Debug|Any CPU
		{0B293221-0F05-4D26-A3E0-51E82799FA6A}.Debug|Any CPU.Build.0 = Debug|Any CPU
		{0B293221-0F05-4D26-A3E0-51E82799FA6A}.Release|Any CPU.ActiveCfg = Release|Any CPU
		{0B293221-0F05-4D26-A3E0-51E82799FA6A}.Release|Any CPU.Build.0 = Release|Any CPU
	EndGlobalSection
	GlobalSection(SolutionProperties) = preSolution
		HideSolutionNode = FALSE
	EndGlobalSection
	GlobalSection(ExtensibilityGlobals) = postSolution
		SolutionGuid = {0494D772-D769-4C5B-A886-52BB3CD8D277}
	EndGlobalSection
EndGlobal
